// !$*UTF8*$!
{
	archiveVersion = 1;
	classes = {
	};
	objectVersion = 46;
	objects = {

/* Begin PBXBuildFile section */
		318DB7591CE8BD820082BAAE /* AppDelegate.swift in Sources */ = {isa = PBXBuildFile; fileRef = 318DB7581CE8BD820082BAAE /* AppDelegate.swift */; };
		318DB75B1CE8BD820082BAAE /* ViewController.swift in Sources */ = {isa = PBXBuildFile; fileRef = 318DB75A1CE8BD820082BAAE /* ViewController.swift */; };
		318DB75D1CE8BD820082BAAE /* Assets.xcassets in Resources */ = {isa = PBXBuildFile; fileRef = 318DB75C1CE8BD820082BAAE /* Assets.xcassets */; };
		318DB7601CE8BD820082BAAE /* Main.storyboard in Resources */ = {isa = PBXBuildFile; fileRef = 318DB75E1CE8BD820082BAAE /* Main.storyboard */; };
		318DB76B1CE8BD830082BAAE /* ReverseGeocoderTests.swift in Sources */ = {isa = PBXBuildFile; fileRef = 318DB76A1CE8BD830082BAAE /* ReverseGeocoderTests.swift */; };
		31E691881CEB618B0010D99A /* MapKit.framework in Frameworks */ = {isa = PBXBuildFile; fileRef = 31E691871CEB618B0010D99A /* MapKit.framework */; };
/* End PBXBuildFile section */

/* Begin PBXContainerItemProxy section */
		318DB7671CE8BD830082BAAE /* PBXContainerItemProxy */ = {
			isa = PBXContainerItemProxy;
			containerPortal = 318DB74D1CE8BD820082BAAE /* Project object */;
			proxyType = 1;
			remoteGlobalIDString = 318DB7541CE8BD820082BAAE;
			remoteInfo = ReverseGeocoder;
		};
/* End PBXContainerItemProxy section */

/* Begin PBXFileReference section */
		318DB7551CE8BD820082BAAE /* ReverseGeocoder.app */ = {isa = PBXFileReference; explicitFileType = wrapper.application; includeInIndex = 0; path = ReverseGeocoder.app; sourceTree = BUILT_PRODUCTS_DIR; };
		318DB7581CE8BD820082BAAE /* AppDelegate.swift */ = {isa = PBXFileReference; lastKnownFileType = sourcecode.swift; path = AppDelegate.swift; sourceTree = "<group>"; };
		318DB75A1CE8BD820082BAAE /* ViewController.swift */ = {isa = PBXFileReference; lastKnownFileType = sourcecode.swift; path = ViewController.swift; sourceTree = "<group>"; };
		318DB75C1CE8BD820082BAAE /* Assets.xcassets */ = {isa = PBXFileReference; lastKnownFileType = folder.assetcatalog; path = Assets.xcassets; sourceTree = "<group>"; };
		318DB75F1CE8BD820082BAAE /* Base */ = {isa = PBXFileReference; lastKnownFileType = file.storyboard; name = Base; path = Base.lproj/Main.storyboard; sourceTree = "<group>"; };
		318DB7611CE8BD820082BAAE /* Info.plist */ = {isa = PBXFileReference; lastKnownFileType = text.plist.xml; path = Info.plist; sourceTree = "<group>"; };
		318DB7661CE8BD830082BAAE /* ReverseGeocoderTests.xctest */ = {isa = PBXFileReference; explicitFileType = wrapper.cfbundle; includeInIndex = 0; path = ReverseGeocoderTests.xctest; sourceTree = BUILT_PRODUCTS_DIR; };
		318DB76A1CE8BD830082BAAE /* ReverseGeocoderTests.swift */ = {isa = PBXFileReference; lastKnownFileType = sourcecode.swift; path = ReverseGeocoderTests.swift; sourceTree = "<group>"; };
		318DB76C1CE8BD830082BAAE /* Info.plist */ = {isa = PBXFileReference; lastKnownFileType = text.plist.xml; path = Info.plist; sourceTree = "<group>"; };
		31E691871CEB618B0010D99A /* MapKit.framework */ = {isa = PBXFileReference; lastKnownFileType = wrapper.framework; name = MapKit.framework; path = System/Library/Frameworks/MapKit.framework; sourceTree = SDKROOT; };
		31E691891CEB618B0010D99A /* ReverseGeocoder.entitlements */ = {isa = PBXFileReference; lastKnownFileType = text.xml; path = ReverseGeocoder.entitlements; sourceTree = "<group>"; };
/* End PBXFileReference section */

/* Begin PBXFrameworksBuildPhase section */
		318DB7521CE8BD820082BAAE /* Frameworks */ = {
			isa = PBXFrameworksBuildPhase;
			buildActionMask = 2147483647;
			files = (
				31E691881CEB618B0010D99A /* MapKit.framework in Frameworks */,
			);
			runOnlyForDeploymentPostprocessing = 0;
		};
		318DB7631CE8BD830082BAAE /* Frameworks */ = {
			isa = PBXFrameworksBuildPhase;
			buildActionMask = 2147483647;
			files = (
			);
			runOnlyForDeploymentPostprocessing = 0;
		};
/* End PBXFrameworksBuildPhase section */

/* Begin PBXGroup section */
		318DB74C1CE8BD820082BAAE = {
			isa = PBXGroup;
			children = (
				31E691871CEB618B0010D99A /* MapKit.framework */,
				318DB7571CE8BD820082BAAE /* ReverseGeocoder */,
				318DB7691CE8BD830082BAAE /* ReverseGeocoderTests */,
				318DB7561CE8BD820082BAAE /* Products */,
			);
			sourceTree = "<group>";
		};
		318DB7561CE8BD820082BAAE /* Products */ = {
			isa = PBXGroup;
			children = (
				318DB7551CE8BD820082BAAE /* ReverseGeocoder.app */,
				318DB7661CE8BD830082BAAE /* ReverseGeocoderTests.xctest */,
			);
			name = Products;
			sourceTree = "<group>";
		};
		318DB7571CE8BD820082BAAE /* ReverseGeocoder */ = {
			isa = PBXGroup;
			children = (
				31E691891CEB618B0010D99A /* ReverseGeocoder.entitlements */,
				318DB7581CE8BD820082BAAE /* AppDelegate.swift */,
				318DB75A1CE8BD820082BAAE /* ViewController.swift */,
				318DB75C1CE8BD820082BAAE /* Assets.xcassets */,
				318DB75E1CE8BD820082BAAE /* Main.storyboard */,
				318DB7611CE8BD820082BAAE /* Info.plist */,
			);
			path = ReverseGeocoder;
			sourceTree = "<group>";
		};
		318DB7691CE8BD830082BAAE /* ReverseGeocoderTests */ = {
			isa = PBXGroup;
			children = (
				318DB76A1CE8BD830082BAAE /* ReverseGeocoderTests.swift */,
				318DB76C1CE8BD830082BAAE /* Info.plist */,
			);
			path = ReverseGeocoderTests;
			sourceTree = "<group>";
		};
/* End PBXGroup section */

/* Begin PBXNativeTarget section */
		318DB7541CE8BD820082BAAE /* ReverseGeocoder */ = {
			isa = PBXNativeTarget;
			buildConfigurationList = 318DB76F1CE8BD830082BAAE /* Build configuration list for PBXNativeTarget "ReverseGeocoder" */;
			buildPhases = (
				318DB7511CE8BD820082BAAE /* Sources */,
				318DB7521CE8BD820082BAAE /* Frameworks */,
				318DB7531CE8BD820082BAAE /* Resources */,
			);
			buildRules = (
			);
			dependencies = (
			);
			name = ReverseGeocoder;
			productName = ReverseGeocoder;
			productReference = 318DB7551CE8BD820082BAAE /* ReverseGeocoder.app */;
			productType = "com.apple.product-type.application";
		};
		318DB7651CE8BD830082BAAE /* ReverseGeocoderTests */ = {
			isa = PBXNativeTarget;
			buildConfigurationList = 318DB7721CE8BD830082BAAE /* Build configuration list for PBXNativeTarget "ReverseGeocoderTests" */;
			buildPhases = (
				318DB7621CE8BD830082BAAE /* Sources */,
				318DB7631CE8BD830082BAAE /* Frameworks */,
				318DB7641CE8BD830082BAAE /* Resources */,
			);
			buildRules = (
			);
			dependencies = (
				318DB7681CE8BD830082BAAE /* PBXTargetDependency */,
			);
			name = ReverseGeocoderTests;
			productName = ReverseGeocoderTests;
			productReference = 318DB7661CE8BD830082BAAE /* ReverseGeocoderTests.xctest */;
			productType = "com.apple.product-type.bundle.unit-test";
		};
/* End PBXNativeTarget section */

/* Begin PBXProject section */
		318DB74D1CE8BD820082BAAE /* Project object */ = {
			isa = PBXProject;
			attributes = {
				LastSwiftUpdateCheck = 0730;
				LastUpgradeCheck = 0730;
				ORGANIZATIONNAME = small;
				TargetAttributes = {
					318DB7541CE8BD820082BAAE = {
						CreatedOnToolsVersion = 7.3.1;
						DevelopmentTeam = G3G742W25V;
						SystemCapabilities = {
							com.apple.Maps.Mac = {
								enabled = 1;
							};
						};
					};
					318DB7651CE8BD830082BAAE = {
						CreatedOnToolsVersion = 7.3.1;
						TestTargetID = 318DB7541CE8BD820082BAAE;
					};
				};
			};
			buildConfigurationList = 318DB7501CE8BD820082BAAE /* Build configuration list for PBXProject "ReverseGeocoder" */;
			compatibilityVersion = "Xcode 3.2";
			developmentRegion = English;
			hasScannedForEncodings = 0;
			knownRegions = (
				en,
				Base,
			);
			mainGroup = 318DB74C1CE8BD820082BAAE;
			productRefGroup = 318DB7561CE8BD820082BAAE /* Products */;
			projectDirPath = "";
			projectRoot = "";
			targets = (
				318DB7541CE8BD820082BAAE /* ReverseGeocoder */,
				318DB7651CE8BD830082BAAE /* ReverseGeocoderTests */,
			);
		};
/* End PBXProject section */

/* Begin PBXResourcesBuildPhase section */
		318DB7531CE8BD820082BAAE /* Resources */ = {
			isa = PBXResourcesBuildPhase;
			buildActionMask = 2147483647;
			files = (
				318DB75D1CE8BD820082BAAE /* Assets.xcassets in Resources */,
				318DB7601CE8BD820082BAAE /* Main.storyboard in Resources */,
			);
			runOnlyForDeploymentPostprocessing = 0;
		};
		318DB7641CE8BD830082BAAE /* Resources */ = {
			isa = PBXResourcesBuildPhase;
			buildActionMask = 2147483647;
			files = (
			);
			runOnlyForDeploymentPostprocessing = 0;
		};
/* End PBXResourcesBuildPhase section */

/* Begin PBXSourcesBuildPhase section */
		318DB7511CE8BD820082BAAE /* Sources */ = {
			isa = PBXSourcesBuildPhase;
			buildActionMask = 2147483647;
			files = (
				318DB75B1CE8BD820082BAAE /* ViewController.swift in Sources */,
				318DB7591CE8BD820082BAAE /* AppDelegate.swift in Sources */,
			);
			runOnlyForDeploymentPostprocessing = 0;
		};
		318DB7621CE8BD830082BAAE /* Sources */ = {
			isa = PBXSourcesBuildPhase;
			buildActionMask = 2147483647;
			files = (
				318DB76B1CE8BD830082BAAE /* ReverseGeocoderTests.swift in Sources */,
			);
			runOnlyForDeploymentPostprocessing = 0;
		};
/* End PBXSourcesBuildPhase section */

/* Begin PBXTargetDependency section */
		318DB7681CE8BD830082BAAE /* PBXTargetDependency */ = {
			isa = PBXTargetDependency;
			target = 318DB7541CE8BD820082BAAE /* ReverseGeocoder */;
			targetProxy = 318DB7671CE8BD830082BAAE /* PBXContainerItemProxy */;
		};
/* End PBXTargetDependency section */

/* Begin PBXVariantGroup section */
		318DB75E1CE8BD820082BAAE /* Main.storyboard */ = {
			isa = PBXVariantGroup;
			children = (
				318DB75F1CE8BD820082BAAE /* Base */,
			);
			name = Main.storyboard;
			sourceTree = "<group>";
		};
/* End PBXVariantGroup section */

/* Begin XCBuildConfiguration section */
		318DB76D1CE8BD830082BAAE /* Debug */ = {
			isa = XCBuildConfiguration;
			buildSettings = {
				ALWAYS_SEARCH_USER_PATHS = NO;
				CLANG_ANALYZER_NONNULL = YES;
				CLANG_CXX_LANGUAGE_STANDARD = "gnu++0x";
				CLANG_CXX_LIBRARY = "libc++";
				CLANG_ENABLE_MODULES = YES;
				CLANG_ENABLE_OBJC_ARC = YES;
				CLANG_WARN_BOOL_CONVERSION = YES;
				CLANG_WARN_CONSTANT_CONVERSION = YES;
				CLANG_WARN_DIRECT_OBJC_ISA_USAGE = YES_ERROR;
				CLANG_WARN_EMPTY_BODY = YES;
				CLANG_WARN_ENUM_CONVERSION = YES;
				CLANG_WARN_INT_CONVERSION = YES;
				CLANG_WARN_OBJC_ROOT_CLASS = YES_ERROR;
				CLANG_WARN_UNREACHABLE_CODE = YES;
				CLANG_WARN__DUPLICATE_METHOD_MATCH = YES;
				CODE_SIGN_IDENTITY = "-";
				COPY_PHASE_STRIP = NO;
				DEBUG_INFORMATION_FORMAT = dwarf;
				ENABLE_STRICT_OBJC_MSGSEND = YES;
				ENABLE_TESTABILITY = YES;
				GCC_C_LANGUAGE_STANDARD = gnu99;
				GCC_DYNAMIC_NO_PIC = NO;
				GCC_NO_COMMON_BLOCKS = YES;
				GCC_OPTIMIZATION_LEVEL = 0;
				GCC_PREPROCESSOR_DEFINITIONS = (
					"DEBUG=1",
					"$(inherited)",
				);
				GCC_WARN_64_TO_32_BIT_CONVERSION = YES;
				GCC_WARN_ABOUT_RETURN_TYPE = YES_ERROR;
				GCC_WARN_UNDECLARED_SELECTOR = YES;
				GCC_WARN_UNINITIALIZED_AUTOS = YES_AGGRESSIVE;
				GCC_WARN_UNUSED_FUNCTION = YES;
				GCC_WARN_UNUSED_VARIABLE = YES;
				MACOSX_DEPLOYMENT_TARGET = 10.11;
				MTL_ENABLE_DEBUG_INFO = YES;
				ONLY_ACTIVE_ARCH = YES;
				SDKROOT = macosx;
				SWIFT_OPTIMIZATION_LEVEL = "-Onone";
			};
			name = Debug;
		};
		318DB76E1CE8BD830082BAAE /* Release */ = {
			isa = XCBuildConfiguration;
			buildSettings = {
				ALWAYS_SEARCH_USER_PATHS = NO;
				CLANG_ANALYZER_NONNULL = YES;
				CLANG_CXX_LANGUAGE_STANDARD = "gnu++0x";
				CLANG_CXX_LIBRARY = "libc++";
				CLANG_ENABLE_MODULES = YES;
				CLANG_ENABLE_OBJC_ARC = YES;
				CLANG_WARN_BOOL_CONVERSION = YES;
				CLANG_WARN_CONSTANT_CONVERSION = YES;
				CLANG_WARN_DIRECT_OBJC_ISA_USAGE = YES_ERROR;
				CLANG_WARN_EMPTY_BODY = YES;
				CLANG_WARN_ENUM_CONVERSION = YES;
				CLANG_WARN_INT_CONVERSION = YES;
				CLANG_WARN_OBJC_ROOT_CLASS = YES_ERROR;
				CLANG_WARN_UNREACHABLE_CODE = YES;
				CLANG_WARN__DUPLICATE_METHOD_MATCH = YES;
				CODE_SIGN_IDENTITY = "-";
				COPY_PHASE_STRIP = NO;
				DEBUG_INFORMATION_FORMAT = "dwarf-with-dsym";
				ENABLE_NS_ASSERTIONS = NO;
				ENABLE_STRICT_OBJC_MSGSEND = YES;
				GCC_C_LANGUAGE_STANDARD = gnu99;
				GCC_NO_COMMON_BLOCKS = YES;
				GCC_WARN_64_TO_32_BIT_CONVERSION = YES;
				GCC_WARN_ABOUT_RETURN_TYPE = YES_ERROR;
				GCC_WARN_UNDECLARED_SELECTOR = YES;
				GCC_WARN_UNINITIALIZED_AUTOS = YES_AGGRESSIVE;
				GCC_WARN_UNUSED_FUNCTION = YES;
				GCC_WARN_UNUSED_VARIABLE = YES;
				MACOSX_DEPLOYMENT_TARGET = 10.11;
				MTL_ENABLE_DEBUG_INFO = NO;
				SDKROOT = macosx;
			};
			name = Release;
		};
		318DB7701CE8BD830082BAAE /* Debug */ = {
			isa = XCBuildConfiguration;
			buildSettings = {
				ASSETCATALOG_COMPILER_APPICON_NAME = AppIcon;
				CODE_SIGN_ENTITLEMENTS = ReverseGeocoder/ReverseGeocoder.entitlements;
				CODE_SIGN_IDENTITY = "Mac Developer";
				"CODE_SIGN_IDENTITY[sdk=macosx*]" = "Mac Developer";
				COMBINE_HIDPI_IMAGES = YES;
				INFOPLIST_FILE = ReverseGeocoder/Info.plist;
				LD_RUNPATH_SEARCH_PATHS = "$(inherited) @executable_path/../Frameworks";
				MACOSX_DEPLOYMENT_TARGET = 10.10;
				PRODUCT_BUNDLE_IDENTIFIER = yu840915.ReverseGeocoder;
				PRODUCT_NAME = "$(TARGET_NAME)";
				PROVISIONING_PROFILE = "";
			};
			name = Debug;
		};
		318DB7711CE8BD830082BAAE /* Release */ = {
			isa = XCBuildConfiguration;
			buildSettings = {
				ASSETCATALOG_COMPILER_APPICON_NAME = AppIcon;
				CODE_SIGN_ENTITLEMENTS = ReverseGeocoder/ReverseGeocoder.entitlements;
				CODE_SIGN_IDENTITY = "Mac Developer";
				"CODE_SIGN_IDENTITY[sdk=macosx*]" = "Mac Developer";
				COMBINE_HIDPI_IMAGES = YES;
				INFOPLIST_FILE = ReverseGeocoder/Info.plist;
				LD_RUNPATH_SEARCH_PATHS = "$(inherited) @executable_path/../Frameworks";
				MACOSX_DEPLOYMENT_TARGET = 10.10;
				PRODUCT_BUNDLE_IDENTIFIER = yu840915.ReverseGeocoder;
				PRODUCT_NAME = "$(TARGET_NAME)";
				PROVISIONING_PROFILE = "";
			};
			name = Release;
		};
		318DB7731CE8BD830082BAAE /* Debug */ = {
			isa = XCBuildConfiguration;
			buildSettings = {
				BUNDLE_LOADER = "$(TEST_HOST)";
				COMBINE_HIDPI_IMAGES = YES;
				INFOPLIST_FILE = ReverseGeocoderTests/Info.plist;
				LD_RUNPATH_SEARCH_PATHS = "$(inherited) @executable_path/../Frameworks @loader_path/../Frameworks";
				PRODUCT_BUNDLE_IDENTIFIER = yu840915.ReverseGeocoderTests;
				PRODUCT_NAME = "$(TARGET_NAME)";
				TEST_HOST = "$(BUILT_PRODUCTS_DIR)/ReverseGeocoder.app/Contents/MacOS/ReverseGeocoder";
			};
			name = Debug;
		};
		318DB7741CE8BD830082BAAE /* Release */ = {
			isa = XCBuildConfiguration;
			buildSettings = {
				BUNDLE_LOADER = "$(TEST_HOST)";
				COMBINE_HIDPI_IMAGES = YES;
				INFOPLIST_FILE = ReverseGeocoderTests/Info.plist;
				LD_RUNPATH_SEARCH_PATHS = "$(inherited) @executable_path/../Frameworks @loader_path/../Frameworks";
				PRODUCT_BUNDLE_IDENTIFIER = yu840915.ReverseGeocoderTests;
				PRODUCT_NAME = "$(TARGET_NAME)";
				TEST_HOST = "$(BUILT_PRODUCTS_DIR)/ReverseGeocoder.app/Contents/MacOS/ReverseGeocoder";
			};
			name = Release;
		};
/* End XCBuildConfiguration section */

/* Begin XCConfigurationList section */
		318DB7501CE8BD820082BAAE /* Build configuration list for PBXProject "ReverseGeocoder" */ = {
			isa = XCConfigurationList;
			buildConfigurations = (
				318DB76D1CE8BD830082BAAE /* Debug */,
				318DB76E1CE8BD830082BAAE /* Release */,
			);
			defaultConfigurationIsVisible = 0;
			defaultConfigurationName = Release;
		};
		318DB76F1CE8BD830082BAAE /* Build configuration list for PBXNativeTarget "ReverseGeocoder" */ = {
			isa = XCConfigurationList;
			buildConfigurations = (
				318DB7701CE8BD830082BAAE /* Debug */,
				318DB7711CE8BD830082BAAE /* Release */,
			);
			defaultConfigurationIsVisible = 0;
			defaultConfigurationName = Release;
		};
		318DB7721CE8BD830082BAAE /* Build configuration list for PBXNativeTarget "ReverseGeocoderTests" */ = {
			isa = XCConfigurationList;
			buildConfigurations = (
				318DB7731CE8BD830082BAAE /* Debug */,
				318DB7741CE8BD830082BAAE /* Release */,
			);
			defaultConfigurationIsVisible = 0;
			defaultConfigurationName = Release;
		};
/* End XCConfigurationList section */
	};
	rootObject = 318DB74D1CE8BD820082BAAE /* Project object */;
}
